
Microsoft Visual Studio Solution File, Format Version 12.00
# Visual Studio Version 17
VisualStudioVersion = 17.14.36327.8
MinimumVisualStudioVersion = 10.0.40219.1
Project("{FAE04EC0-301F-11D3-BF4B-00C04F79EFBC}") = "ConsoleAppAzureOpenAI", "ConsoleApp\ConsoleAppAzureOpenAI.csproj", "{2E02705E-C323-4E11-8E3D-B8FF5DDA8484}"
EndProject
Project("{FAE04EC0-301F-11D3-BF4B-00C04F79EFBC}") = "ConsoleAppOpenAI", "ConsoleAppOpenAI\ConsoleAppOpenAI.csproj", "{68104659-5DA9-4BE0-975F-869C010353D9}"
EndProject
Project("{FAE04EC0-301F-11D3-BF4B-00C04F79EFBC}") = "ConsoleAppXAiGrok", "ConsoleAppXAiGrok\ConsoleAppXAiGrok.csproj", "{412FA522-7173-47E3-8773-7232FD72D646}"
EndProject
Project("{FAE04EC0-301F-11D3-BF4B-00C04F79EFBC}") = "ConsoleAppGemini", "ConsoleAppGemini\ConsoleAppGemini.csproj", "{B762A64B-AA99-473D-9E06-32FB76856A66}"
EndProject
Project("{FAE04EC0-301F-11D3-BF4B-00C04F79EFBC}") = "ConsoleAppOllama", "ConsoleAppOllama\ConsoleAppOllama.csproj", "{139E8DE2-8A81-445E-8861-BA498ADFFEF9}"
EndProject
Project("{FAE04EC0-301F-11D3-BF4B-00C04F79EFBC}") = "ConsoleAppFoundaryLocal", "ConsoleAppFoundaryLocal\ConsoleAppFoundaryLocal.csproj", "{10406356-D78E-4313-923E-10C97328056F}"
EndProject
Project("{2150E333-8FDC-42A3-9474-1A3956D46DE8}") = "NonOpenAIBased", "NonOpenAIBased", "{02EA681E-C7D8-13C7-8484-4AC65E1B71E8}"
EndProject
Project("{2150E333-8FDC-42A3-9474-1A3956D46DE8}") = "OpenAIBased", "OpenAIBased", "{E080130A-993F-4EE0-84D8-9A3F41A923B8}"
EndProject
Project("{2150E333-8FDC-42A3-9474-1A3956D46DE8}") = "local", "local", "{1970AEC5-7A1F-46F6-AAD3-FBD3A55C740F}"
EndProject
Project("{FAE04EC0-301F-11D3-BF4B-00C04F79EFBC}") = "ConsoleAppAntropicClaude", "ConsoleAppAntropicClaude\ConsoleAppAntropicClaude.csproj", "{EBBBC863-3A73-452D-80C7-5B81D0E8CFB3}"
EndProject
Global
	GlobalSection(SolutionConfigurationPlatforms) = preSolution
		Debug|Any CPU = Debug|Any CPU
		Release|Any CPU = Release|Any CPU
	EndGlobalSection
	GlobalSection(ProjectConfigurationPlatforms) = postSolution
		{2E02705E-C323-4E11-8E3D-B8FF5DDA8484}.Debug|Any CPU.ActiveCfg = Debug|Any CPU
		{2E02705E-C323-4E11-8E3D-B8FF5DDA8484}.Debug|Any CPU.Build.0 = Debug|Any CPU
		{2E02705E-C323-4E11-8E3D-B8FF5DDA8484}.Release|Any CPU.ActiveCfg = Release|Any CPU
		{2E02705E-C323-4E11-8E3D-B8FF5DDA8484}.Release|Any CPU.Build.0 = Release|Any CPU
		{68104659-5DA9-4BE0-975F-869C010353D9}.Debug|Any CPU.ActiveCfg = Debug|Any CPU
		{68104659-5DA9-4BE0-975F-869C010353D9}.Debug|Any CPU.Build.0 = Debug|Any CPU
		{68104659-5DA9-4BE0-975F-869C010353D9}.Release|Any CPU.ActiveCfg = Release|Any CPU
		{68104659-5DA9-4BE0-975F-869C010353D9}.Release|Any CPU.Build.0 = Release|Any CPU
		{412FA522-7173-47E3-8773-7232FD72D646}.Debug|Any CPU.ActiveCfg = Debug|Any CPU
		{412FA522-7173-47E3-8773-7232FD72D646}.Debug|Any CPU.Build.0 = Debug|Any CPU
		{412FA522-7173-47E3-8773-7232FD72D646}.Release|Any CPU.ActiveCfg = Release|Any CPU
		{412FA522-7173-47E3-8773-7232FD72D646}.Release|Any CPU.Build.0 = Release|Any CPU
		{B762A64B-AA99-473D-9E06-32FB76856A66}.Debug|Any CPU.ActiveCfg = Debug|Any CPU
		{B762A64B-AA99-473D-9E06-32FB76856A66}.Debug|Any CPU.Build.0 = Debug|Any CPU
		{B762A64B-AA99-473D-9E06-32FB76856A66}.Release|Any CPU.ActiveCfg = Release|Any CPU
		{B762A64B-AA99-473D-9E06-32FB76856A66}.Release|Any CPU.Build.0 = Release|Any CPU
		{139E8DE2-8A81-445E-8861-BA498ADFFEF9}.Debug|Any CPU.ActiveCfg = Debug|Any CPU
		{139E8DE2-8A81-445E-8861-BA498ADFFEF9}.Debug|Any CPU.Build.0 = Debug|Any CPU
		{139E8DE2-8A81-445E-8861-BA498ADFFEF9}.Release|Any CPU.ActiveCfg = Release|Any CPU
		{139E8DE2-8A81-445E-8861-BA498ADFFEF9}.Release|Any CPU.Build.0 = Release|Any CPU
		{10406356-D78E-4313-923E-10C97328056F}.Debug|Any CPU.ActiveCfg = Debug|Any CPU
		{10406356-D78E-4313-923E-10C97328056F}.Debug|Any CPU.Build.0 = Debug|Any CPU
		{10406356-D78E-4313-923E-10C97328056F}.Release|Any CPU.ActiveCfg = Release|Any CPU
		{10406356-D78E-4313-923E-10C97328056F}.Release|Any CPU.Build.0 = Release|Any CPU
		{EBBBC863-3A73-452D-80C7-5B81D0E8CFB3}.Debug|Any CPU.ActiveCfg = Debug|Any CPU
		{EBBBC863-3A73-452D-80C7-5B81D0E8CFB3}.Debug|Any CPU.Build.0 = Debug|Any CPU
		{EBBBC863-3A73-452D-80C7-5B81D0E8CFB3}.Release|Any CPU.ActiveCfg = Release|Any CPU
		{EBBBC863-3A73-452D-80C7-5B81D0E8CFB3}.Release|Any CPU.Build.0 = Release|Any CPU
	EndGlobalSection
	GlobalSection(SolutionProperties) = preSolution
		HideSolutionNode = FALSE
	EndGlobalSection
	GlobalSection(NestedProjects) = preSolution
		{2E02705E-C323-4E11-8E3D-B8FF5DDA8484} = {E080130A-993F-4EE0-84D8-9A3F41A923B8}
		{68104659-5DA9-4BE0-975F-869C010353D9} = {E080130A-993F-4EE0-84D8-9A3F41A923B8}
		{412FA522-7173-47E3-8773-7232FD72D646} = {E080130A-993F-4EE0-84D8-9A3F41A923B8}
		{B762A64B-AA99-473D-9E06-32FB76856A66} = {02EA681E-C7D8-13C7-8484-4AC65E1B71E8}
		{139E8DE2-8A81-445E-8861-BA498ADFFEF9} = {1970AEC5-7A1F-46F6-AAD3-FBD3A55C740F}
		{10406356-D78E-4313-923E-10C97328056F} = {1970AEC5-7A1F-46F6-AAD3-FBD3A55C740F}
		{1970AEC5-7A1F-46F6-AAD3-FBD3A55C740F} = {02EA681E-C7D8-13C7-8484-4AC65E1B71E8}
		{EBBBC863-3A73-452D-80C7-5B81D0E8CFB3} = {02EA681E-C7D8-13C7-8484-4AC65E1B71E8}
	EndGlobalSection
	GlobalSection(ExtensibilityGlobals) = postSolution
		SolutionGuid = {1963BABA-B227-42B0-861F-1A994A63F7AA}
	EndGlobalSection
EndGlobal
