
Microsoft Visual Studio Solution File, Format Version 12.00
# Visual Studio Version 17
VisualStudioVersion = 17.14.36811.4 d17.14
MinimumVisualStudioVersion = 10.0.40219.1
Project("{FAE04EC0-301F-11D3-BF4B-00C04F79EFBC}") = "AgentApp", "AgentApp\AgentApp.csproj", "{46E0AAF5-14D8-482D-BB0A-97E767189E8A}"
EndProject
Global
	GlobalSection(SolutionConfigurationPlatforms) = preSolution
		Debug|Any CPU = Debug|Any CPU
		Release|Any CPU = Release|Any CPU
	EndGlobalSection
	GlobalSection(ProjectConfigurationPlatforms) = postSolution
		{46E0AAF5-14D8-482D-BB0A-97E767189E8A}.Debug|Any CPU.ActiveCfg = Debug|Any CPU
		{46E0AAF5-14D8-482D-BB0A-97E767189E8A}.Debug|Any CPU.Build.0 = Debug|Any CPU
		{46E0AAF5-14D8-482D-BB0A-97E767189E8A}.Release|Any CPU.ActiveCfg = Release|Any CPU
		{46E0AAF5-14D8-482D-BB0A-97E767189E8A}.Release|Any CPU.Build.0 = Release|Any CPU
	EndGlobalSection
	GlobalSection(SolutionProperties) = preSolution
		HideSolutionNode = FALSE
	EndGlobalSection
	GlobalSection(ExtensibilityGlobals) = postSolution
		SolutionGuid = {5B440977-EAF6-4E39-9F07-9F3FCA837926}
	EndGlobalSection
EndGlobal
