
Microsoft Visual Studio Solution File, Format Version 12.00
# Visual Studio Version 17
VisualStudioVersion = 17.14.36327.8 d17.14
MinimumVisualStudioVersion = 10.0.40219.1
Project("{FAE04EC0-301F-11D3-BF4B-00C04F79EFBC}") = "AgentApp", "AgentApp\AgentApp.csproj", "{4F131A4B-633F-4447-BF25-57765D474AC3}"
EndProject
Global
	GlobalSection(SolutionConfigurationPlatforms) = preSolution
		Debug|Any CPU = Debug|Any CPU
		Release|Any CPU = Release|Any CPU
	EndGlobalSection
	GlobalSection(ProjectConfigurationPlatforms) = postSolution
		{4F131A4B-633F-4447-BF25-57765D474AC3}.Debug|Any CPU.ActiveCfg = Debug|Any CPU
		{4F131A4B-633F-4447-BF25-57765D474AC3}.Debug|Any CPU.Build.0 = Debug|Any CPU
		{4F131A4B-633F-4447-BF25-57765D474AC3}.Release|Any CPU.ActiveCfg = Release|Any CPU
		{4F131A4B-633F-4447-BF25-57765D474AC3}.Release|Any CPU.Build.0 = Release|Any CPU
	EndGlobalSection
	GlobalSection(SolutionProperties) = preSolution
		HideSolutionNode = FALSE
	EndGlobalSection
	GlobalSection(ExtensibilityGlobals) = postSolution
		SolutionGuid = {7912C931-D56B-46F1-97F6-0B67B1D95BAB}
	EndGlobalSection
EndGlobal
