
Microsoft Visual Studio Solution File, Format Version 12.00
# Visual Studio Version 17
VisualStudioVersion = 17.14.36327.8 d17.14
MinimumVisualStudioVersion = 10.0.40219.1
Project("{FAE04EC0-301F-11D3-BF4B-00C04F79EFBC}") = "ConsoleApp", "ConsoleApp\ConsoleApp.csproj", "{A2A92EAC-18AA-4B4F-A260-503AC9916B54}"
EndProject
Global
	GlobalSection(SolutionConfigurationPlatforms) = preSolution
		Debug|Any CPU = Debug|Any CPU
		Release|Any CPU = Release|Any CPU
	EndGlobalSection
	GlobalSection(ProjectConfigurationPlatforms) = postSolution
		{A2A92EAC-18AA-4B4F-A260-503AC9916B54}.Debug|Any CPU.ActiveCfg = Debug|Any CPU
		{A2A92EAC-18AA-4B4F-A260-503AC9916B54}.Debug|Any CPU.Build.0 = Debug|Any CPU
		{A2A92EAC-18AA-4B4F-A260-503AC9916B54}.Release|Any CPU.ActiveCfg = Release|Any CPU
		{A2A92EAC-18AA-4B4F-A260-503AC9916B54}.Release|Any CPU.Build.0 = Release|Any CPU
	EndGlobalSection
	GlobalSection(SolutionProperties) = preSolution
		HideSolutionNode = FALSE
	EndGlobalSection
	GlobalSection(ExtensibilityGlobals) = postSolution
		SolutionGuid = {6A6DBA89-F410-433F-BAEA-6E00AF6A3467}
	EndGlobalSection
EndGlobal
