
Microsoft Visual Studio Solution File, Format Version 12.00
# Visual Studio Version 17
VisualStudioVersion = 17.14.36705.20 d17.14
MinimumVisualStudioVersion = 10.0.40219.1
Project("{FAE04EC0-301F-11D3-BF4B-00C04F79EFBC}") = "WebApi", "WebApi\WebApi.csproj", "{D82CB8D4-ACAB-4D4C-87EE-48472AFEA23E}"
EndProject
Global
	GlobalSection(SolutionConfigurationPlatforms) = preSolution
		Debug|Any CPU = Debug|Any CPU
		Release|Any CPU = Release|Any CPU
	EndGlobalSection
	GlobalSection(ProjectConfigurationPlatforms) = postSolution
		{D82CB8D4-ACAB-4D4C-87EE-48472AFEA23E}.Debug|Any CPU.ActiveCfg = Debug|Any CPU
		{D82CB8D4-ACAB-4D4C-87EE-48472AFEA23E}.Debug|Any CPU.Build.0 = Debug|Any CPU
		{D82CB8D4-ACAB-4D4C-87EE-48472AFEA23E}.Release|Any CPU.ActiveCfg = Release|Any CPU
		{D82CB8D4-ACAB-4D4C-87EE-48472AFEA23E}.Release|Any CPU.Build.0 = Release|Any CPU
	EndGlobalSection
	GlobalSection(SolutionProperties) = preSolution
		HideSolutionNode = FALSE
	EndGlobalSection
	GlobalSection(ExtensibilityGlobals) = postSolution
		SolutionGuid = {BD74D5B0-8484-4F1C-B334-36D4EF096B5B}
	EndGlobalSection
EndGlobal
