
Microsoft Visual Studio Solution File, Format Version 12.00
# Visual Studio Version 17
VisualStudioVersion = 17.14.36811.4 d17.14
MinimumVisualStudioVersion = 10.0.40219.1
Project("{FAE04EC0-301F-11D3-BF4B-00C04F79EFBC}") = "ToolCallingInjection", "ToolCallingInjection\ToolCallingInjection.csproj", "{37598197-CA85-4FDA-831C-8458FC7E458D}"
EndProject
Project("{FAE04EC0-301F-11D3-BF4B-00C04F79EFBC}") = "ECommerceAgent", "ECommerceAgent\ECommerceAgent.csproj", "{8B0C6F7C-6763-4968-A935-A1C55E2DFE3D}"
EndProject
Global
	GlobalSection(SolutionConfigurationPlatforms) = preSolution
		Debug|Any CPU = Debug|Any CPU
		Release|Any CPU = Release|Any CPU
	EndGlobalSection
	GlobalSection(ProjectConfigurationPlatforms) = postSolution
		{37598197-CA85-4FDA-831C-8458FC7E458D}.Debug|Any CPU.ActiveCfg = Debug|Any CPU
		{37598197-CA85-4FDA-831C-8458FC7E458D}.Debug|Any CPU.Build.0 = Debug|Any CPU
		{37598197-CA85-4FDA-831C-8458FC7E458D}.Release|Any CPU.ActiveCfg = Release|Any CPU
		{37598197-CA85-4FDA-831C-8458FC7E458D}.Release|Any CPU.Build.0 = Release|Any CPU
		{8B0C6F7C-6763-4968-A935-A1C55E2DFE3D}.Debug|Any CPU.ActiveCfg = Debug|Any CPU
		{8B0C6F7C-6763-4968-A935-A1C55E2DFE3D}.Debug|Any CPU.Build.0 = Debug|Any CPU
		{8B0C6F7C-6763-4968-A935-A1C55E2DFE3D}.Release|Any CPU.ActiveCfg = Release|Any CPU
		{8B0C6F7C-6763-4968-A935-A1C55E2DFE3D}.Release|Any CPU.Build.0 = Release|Any CPU
	EndGlobalSection
	GlobalSection(SolutionProperties) = preSolution
		HideSolutionNode = FALSE
	EndGlobalSection
	GlobalSection(ExtensibilityGlobals) = postSolution
		SolutionGuid = {089CCE0D-1C1D-4840-9295-EF5FAED6B578}
	EndGlobalSection
EndGlobal
