
Microsoft Visual Studio Solution File, Format Version 12.00
# Visual Studio Version 17
VisualStudioVersion = 17.14.36327.8 d17.14
MinimumVisualStudioVersion = 10.0.40219.1
Project("{FAE04EC0-301F-11D3-BF4B-00C04F79EFBC}") = "AgentApp", "AgentApp\AgentApp.csproj", "{3A71C578-92C2-4BEC-8BC3-298723D269BA}"
EndProject
Global
	GlobalSection(SolutionConfigurationPlatforms) = preSolution
		Debug|Any CPU = Debug|Any CPU
		Release|Any CPU = Release|Any CPU
	EndGlobalSection
	GlobalSection(ProjectConfigurationPlatforms) = postSolution
		{3A71C578-92C2-4BEC-8BC3-298723D269BA}.Debug|Any CPU.ActiveCfg = Debug|Any CPU
		{3A71C578-92C2-4BEC-8BC3-298723D269BA}.Debug|Any CPU.Build.0 = Debug|Any CPU
		{3A71C578-92C2-4BEC-8BC3-298723D269BA}.Release|Any CPU.ActiveCfg = Release|Any CPU
		{3A71C578-92C2-4BEC-8BC3-298723D269BA}.Release|Any CPU.Build.0 = Release|Any CPU
	EndGlobalSection
	GlobalSection(SolutionProperties) = preSolution
		HideSolutionNode = FALSE
	EndGlobalSection
	GlobalSection(ExtensibilityGlobals) = postSolution
		SolutionGuid = {61B37FD2-9E31-4E22-AA91-59D0C11399E7}
	EndGlobalSection
EndGlobal
