
Microsoft Visual Studio Solution File, Format Version 12.00
# Visual Studio Version 17
VisualStudioVersion = 17.14.36616.10 d17.14
MinimumVisualStudioVersion = 10.0.40219.1
Project("{FAE04EC0-301F-11D3-BF4B-00C04F79EFBC}") = "AIAgentRAG", "AIAgentRAG\AIAgentRAG.csproj", "{DC92D4C7-4939-46B1-91F8-6A5EAF3A6CBB}"
EndProject
Global
	GlobalSection(SolutionConfigurationPlatforms) = preSolution
		Debug|Any CPU = Debug|Any CPU
		Release|Any CPU = Release|Any CPU
	EndGlobalSection
	GlobalSection(ProjectConfigurationPlatforms) = postSolution
		{DC92D4C7-4939-46B1-91F8-6A5EAF3A6CBB}.Debug|Any CPU.ActiveCfg = Debug|Any CPU
		{DC92D4C7-4939-46B1-91F8-6A5EAF3A6CBB}.Debug|Any CPU.Build.0 = Debug|Any CPU
		{DC92D4C7-4939-46B1-91F8-6A5EAF3A6CBB}.Release|Any CPU.ActiveCfg = Release|Any CPU
		{DC92D4C7-4939-46B1-91F8-6A5EAF3A6CBB}.Release|Any CPU.Build.0 = Release|Any CPU
	EndGlobalSection
	GlobalSection(SolutionProperties) = preSolution
		HideSolutionNode = FALSE
	EndGlobalSection
	GlobalSection(ExtensibilityGlobals) = postSolution
		SolutionGuid = {0DAC24B3-430E-4E55-A586-871F374169D9}
	EndGlobalSection
EndGlobal
